
Microsoft Visual Studio Solution File, Format Version 12.00
# Visual Studio Version 17
VisualStudioVersion = 17.10.34928.147
MinimumVisualStudioVersion = 10.0.40219.1
Project("{FAE04EC0-301F-11D3-BF4B-00C04F79EFBC}") = "CryptographyForCSharpDevelopers", "CryptographyForCSharpDevelopers\CryptographyForCSharpDevelopers.csproj", "{0D8E606D-574B-4342-B28A-BD0256606355}"
EndProject
Global
	GlobalSection(SolutionConfigurationPlatforms) = preSolution
		Debug|Any CPU = Debug|Any CPU
		Release|Any CPU = Release|Any CPU
	EndGlobalSection
	GlobalSection(ProjectConfigurationPlatforms) = postSolution
		{0D8E606D-574B-4342-B28A-BD0256606355}.Debug|Any CPU.ActiveCfg = Debug|Any CPU
		{0D8E606D-574B-4342-B28A-BD0256606355}.Debug|Any CPU.Build.0 = Debug|Any CPU
		{0D8E606D-574B-4342-B28A-BD0256606355}.Release|Any CPU.ActiveCfg = Release|Any CPU
		{0D8E606D-574B-4342-B28A-BD0256606355}.Release|Any CPU.Build.0 = Release|Any CPU
	EndGlobalSection
	GlobalSection(SolutionProperties) = preSolution
		HideSolutionNode = FALSE
	EndGlobalSection
	GlobalSection(ExtensibilityGlobals) = postSolution
		SolutionGuid = {10616335-235D-48FB-B28D-9DB534150F05}
	EndGlobalSection
EndGlobal
